// !$*UTF8*$!
{
	archiveVersion = 1;
	classes = {
	};
	objectVersion = 46;
	objects = {

/* Begin PBXBuildFile section */
		6F56831416A4E7DB004D7B09 /* Foundation.framework in Frameworks */ = {isa = PBXBuildFile; fileRef = 6F56831316A4E7DB004D7B09 /* Foundation.framework */; };
		6F56832316A4E7DB004D7B09 /* SenTestingKit.framework in Frameworks */ = {isa = PBXBuildFile; fileRef = 6F56832216A4E7DB004D7B09 /* SenTestingKit.framework */; };
		6F56832616A4E7DB004D7B09 /* Foundation.framework in Frameworks */ = {isa = PBXBuildFile; fileRef = 6F56831316A4E7DB004D7B09 /* Foundation.framework */; };
		6F56832916A4E7DB004D7B09 /* libhookshot.a in Frameworks */ = {isa = PBXBuildFile; fileRef = 6F56831016A4E7DB004D7B09 /* libhookshot.a */; };
		6F56834916A4E899004D7B09 /* CCCountInstances.m in Sources */ = {isa = PBXBuildFile; fileRef = 6F56834016A4E899004D7B09 /* CCCountInstances.m */; };
		6F56834A16A4E899004D7B09 /* CCInstanceMessageInstrumentation.mm in Sources */ = {isa = PBXBuildFile; fileRef = 6F56834216A4E899004D7B09 /* CCInstanceMessageInstrumentation.mm */; };
		6F56834B16A4E899004D7B09 /* CCInstrumentingProfiler.mm in Sources */ = {isa = PBXBuildFile; fileRef = 6F56834416A4E899004D7B09 /* CCInstrumentingProfiler.mm */; };
		6F56834C16A4E899004D7B09 /* CCNativeCountInstances.mm in Sources */ = {isa = PBXBuildFile; fileRef = 6F56834616A4E899004D7B09 /* CCNativeCountInstances.mm */; };
		6F56834D16A4E899004D7B09 /* CCReflection.m in Sources */ = {isa = PBXBuildFile; fileRef = 6F56834816A4E899004D7B09 /* CCReflection.m */; };
		6F56835216A4E9EC004D7B09 /* CCCountInstancesTest.m in Sources */ = {isa = PBXBuildFile; fileRef = 6F56834F16A4E9EC004D7B09 /* CCCountInstancesTest.m */; };
		6F56835316A4E9EC004D7B09 /* CCInstanceMessageInstrumentationTest.m in Sources */ = {isa = PBXBuildFile; fileRef = 6F56835116A4E9EC004D7B09 /* CCInstanceMessageInstrumentationTest.m */; };
		6F56835516A4EBAF004D7B09 /* CCCountInstances.h in Headers */ = {isa = PBXBuildFile; fileRef = 6F56833F16A4E899004D7B09 /* CCCountInstances.h */; settings = {ATTRIBUTES = (Private, ); }; };
		6F56835616A4EBAF004D7B09 /* CCInstanceMessageInstrumentation.h in Headers */ = {isa = PBXBuildFile; fileRef = 6F56834116A4E899004D7B09 /* CCInstanceMessageInstrumentation.h */; settings = {ATTRIBUTES = (Private, ); }; };
		6F56835716A4EBAF004D7B09 /* CCInstrumentingProfiler.h in Headers */ = {isa = PBXBuildFile; fileRef = 6F56834316A4E899004D7B09 /* CCInstrumentingProfiler.h */; settings = {ATTRIBUTES = (Private, ); }; };
		6F56835816A4EBAF004D7B09 /* CCNativeCountInstances.h in Headers */ = {isa = PBXBuildFile; fileRef = 6F56834516A4E899004D7B09 /* CCNativeCountInstances.h */; settings = {ATTRIBUTES = (Private, ); }; };
		6F56835916A4EBAF004D7B09 /* CCReflection.h in Headers */ = {isa = PBXBuildFile; fileRef = 6F56834716A4E899004D7B09 /* CCReflection.h */; settings = {ATTRIBUTES = (Private, ); }; };
		6FF0F54F16A5402C001C01E2 /* libc++.dylib in Frameworks */ = {isa = PBXBuildFile; fileRef = 6FF0F54E16A5402C001C01E2 /* libc++.dylib */; };
		6FF0F55016A54035001C01E2 /* libc++.dylib in Frameworks */ = {isa = PBXBuildFile; fileRef = 6FF0F54E16A5402C001C01E2 /* libc++.dylib */; };
/* End PBXBuildFile section */

/* Begin PBXContainerItemProxy section */
		6F56832716A4E7DB004D7B09 /* PBXContainerItemProxy */ = {
			isa = PBXContainerItemProxy;
			containerPortal = 6F56830716A4E7DB004D7B09 /* Project object */;
			proxyType = 1;
			remoteGlobalIDString = 6F56830F16A4E7DB004D7B09;
			remoteInfo = hookshot;
		};
/* End PBXContainerItemProxy section */

/* Begin PBXCopyFilesBuildPhase section */
		6F56830E16A4E7DB004D7B09 /* CopyFiles */ = {
			isa = PBXCopyFilesBuildPhase;
			buildActionMask = 2147483647;
			dstPath = "include/${PRODUCT_NAME}";
			dstSubfolderSpec = 16;
			files = (
			);
			runOnlyForDeploymentPostprocessing = 0;
		};
/* End PBXCopyFilesBuildPhase section */

/* Begin PBXFileReference section */
		6F56831016A4E7DB004D7B09 /* libhookshot.a */ = {isa = PBXFileReference; explicitFileType = archive.ar; includeInIndex = 0; path = libhookshot.a; sourceTree = BUILT_PRODUCTS_DIR; };
		6F56831316A4E7DB004D7B09 /* Foundation.framework */ = {isa = PBXFileReference; lastKnownFileType = wrapper.framework; name = Foundation.framework; path = System/Library/Frameworks/Foundation.framework; sourceTree = SDKROOT; };
		6F56832116A4E7DB004D7B09 /* hookshotTests.octest */ = {isa = PBXFileReference; explicitFileType = wrapper.cfbundle; includeInIndex = 0; path = hookshotTests.octest; sourceTree = BUILT_PRODUCTS_DIR; };
		6F56832216A4E7DB004D7B09 /* SenTestingKit.framework */ = {isa = PBXFileReference; lastKnownFileType = wrapper.framework; name = SenTestingKit.framework; path = Library/Frameworks/SenTestingKit.framework; sourceTree = DEVELOPER_DIR; };
		6F56832C16A4E7DB004D7B09 /* hookshotTests-Info.plist */ = {isa = PBXFileReference; lastKnownFileType = text.plist.xml; path = "hookshotTests-Info.plist"; sourceTree = "<group>"; };
		6F56833F16A4E899004D7B09 /* CCCountInstances.h */ = {isa = PBXFileReference; fileEncoding = 4; lastKnownFileType = sourcecode.c.h; name = CCCountInstances.h; path = Classes/CCCountInstances.h; sourceTree = SOURCE_ROOT; };
		6F56834016A4E899004D7B09 /* CCCountInstances.m */ = {isa = PBXFileReference; fileEncoding = 4; lastKnownFileType = sourcecode.c.objc; name = CCCountInstances.m; path = Classes/CCCountInstances.m; sourceTree = SOURCE_ROOT; };
		6F56834116A4E899004D7B09 /* CCInstanceMessageInstrumentation.h */ = {isa = PBXFileReference; fileEncoding = 4; lastKnownFileType = sourcecode.c.h; name = CCInstanceMessageInstrumentation.h; path = Classes/CCInstanceMessageInstrumentation.h; sourceTree = SOURCE_ROOT; };
		6F56834216A4E899004D7B09 /* CCInstanceMessageInstrumentation.mm */ = {isa = PBXFileReference; fileEncoding = 4; lastKnownFileType = sourcecode.cpp.objcpp; name = CCInstanceMessageInstrumentation.mm; path = Classes/CCInstanceMessageInstrumentation.mm; sourceTree = SOURCE_ROOT; };
		6F56834316A4E899004D7B09 /* CCInstrumentingProfiler.h */ = {isa = PBXFileReference; fileEncoding = 4; lastKnownFileType = sourcecode.c.h; name = CCInstrumentingProfiler.h; path = Classes/CCInstrumentingProfiler.h; sourceTree = SOURCE_ROOT; };
		6F56834416A4E899004D7B09 /* CCInstrumentingProfiler.mm */ = {isa = PBXFileReference; fileEncoding = 4; lastKnownFileType = sourcecode.cpp.objcpp; name = CCInstrumentingProfiler.mm; path = Classes/CCInstrumentingProfiler.mm; sourceTree = SOURCE_ROOT; };
		6F56834516A4E899004D7B09 /* CCNativeCountInstances.h */ = {isa = PBXFileReference; fileEncoding = 4; lastKnownFileType = sourcecode.c.h; name = CCNativeCountInstances.h; path = Classes/CCNativeCountInstances.h; sourceTree = SOURCE_ROOT; };
		6F56834616A4E899004D7B09 /* CCNativeCountInstances.mm */ = {isa = PBXFileReference; fileEncoding = 4; lastKnownFileType = sourcecode.cpp.objcpp; name = CCNativeCountInstances.mm; path = Classes/CCNativeCountInstances.mm; sourceTree = SOURCE_ROOT; };
		6F56834716A4E899004D7B09 /* CCReflection.h */ = {isa = PBXFileReference; fileEncoding = 4; lastKnownFileType = sourcecode.c.h; name = CCReflection.h; path = Classes/CCReflection.h; sourceTree = SOURCE_ROOT; };
		6F56834816A4E899004D7B09 /* CCReflection.m */ = {isa = PBXFileReference; fileEncoding = 4; lastKnownFileType = sourcecode.c.objc; name = CCReflection.m; path = Classes/CCReflection.m; sourceTree = SOURCE_ROOT; };
		6F56834E16A4E9EC004D7B09 /* CCCountInstancesTest.h */ = {isa = PBXFileReference; fileEncoding = 4; lastKnownFileType = sourcecode.c.h; path = CCCountInstancesTest.h; sourceTree = "<group>"; };
		6F56834F16A4E9EC004D7B09 /* CCCountInstancesTest.m */ = {isa = PBXFileReference; fileEncoding = 4; lastKnownFileType = sourcecode.c.objc; path = CCCountInstancesTest.m; sourceTree = "<group>"; };
		6F56835016A4E9EC004D7B09 /* CCInstanceMessageInstrumentationTest.h */ = {isa = PBXFileReference; fileEncoding = 4; lastKnownFileType = sourcecode.c.h; path = CCInstanceMessageInstrumentationTest.h; sourceTree = "<group>"; };
		6F56835116A4E9EC004D7B09 /* CCInstanceMessageInstrumentationTest.m */ = {isa = PBXFileReference; fileEncoding = 4; lastKnownFileType = sourcecode.c.objc; path = CCInstanceMessageInstrumentationTest.m; sourceTree = "<group>"; };
		6FF0F54E16A5402C001C01E2 /* libc++.dylib */ = {isa = PBXFileReference; lastKnownFileType = "compiled.mach-o.dylib"; name = "libc++.dylib"; path = "usr/lib/libc++.dylib"; sourceTree = SDKROOT; };
		6FF0F5AE16A548C4001C01E2 /* hookshot.h */ = {isa = PBXFileReference; lastKnownFileType = sourcecode.c.h; path = hookshot.h; sourceTree = SOURCE_ROOT; };
/* End PBXFileReference section */

/* Begin PBXFrameworksBuildPhase section */
		6F56830D16A4E7DB004D7B09 /* Frameworks */ = {
			isa = PBXFrameworksBuildPhase;
			buildActionMask = 2147483647;
			files = (
				6FF0F55016A54035001C01E2 /* libc++.dylib in Frameworks */,
				6F56831416A4E7DB004D7B09 /* Foundation.framework in Frameworks */,
			);
			runOnlyForDeploymentPostprocessing = 0;
		};
		6F56831D16A4E7DB004D7B09 /* Frameworks */ = {
			isa = PBXFrameworksBuildPhase;
			buildActionMask = 2147483647;
			files = (
				6FF0F54F16A5402C001C01E2 /* libc++.dylib in Frameworks */,
				6F56832316A4E7DB004D7B09 /* SenTestingKit.framework in Frameworks */,
				6F56832616A4E7DB004D7B09 /* Foundation.framework in Frameworks */,
				6F56832916A4E7DB004D7B09 /* libhookshot.a in Frameworks */,
			);
			runOnlyForDeploymentPostprocessing = 0;
		};
/* End PBXFrameworksBuildPhase section */

/* Begin PBXGroup section */
		6F56830516A4E7DB004D7B09 = {
			isa = PBXGroup;
			children = (
				6FF0F54E16A5402C001C01E2 /* libc++.dylib */,
				6F56831516A4E7DB004D7B09 /* Classes */,
				6F56832A16A4E7DB004D7B09 /* Tests */,
				6F56831216A4E7DB004D7B09 /* Frameworks */,
				6F56831116A4E7DB004D7B09 /* Products */,
			);
			sourceTree = "<group>";
		};
		6F56831116A4E7DB004D7B09 /* Products */ = {
			isa = PBXGroup;
			children = (
				6F56831016A4E7DB004D7B09 /* libhookshot.a */,
				6F56832116A4E7DB004D7B09 /* hookshotTests.octest */,
			);
			name = Products;
			sourceTree = "<group>";
		};
		6F56831216A4E7DB004D7B09 /* Frameworks */ = {
			isa = PBXGroup;
			children = (
				6F56831316A4E7DB004D7B09 /* Foundation.framework */,
				6F56832216A4E7DB004D7B09 /* SenTestingKit.framework */,
			);
			name = Frameworks;
			sourceTree = "<group>";
		};
		6F56831516A4E7DB004D7B09 /* Classes */ = {
			isa = PBXGroup;
			children = (
				6F56833F16A4E899004D7B09 /* CCCountInstances.h */,
				6F56834016A4E899004D7B09 /* CCCountInstances.m */,
				6F56834116A4E899004D7B09 /* CCInstanceMessageInstrumentation.h */,
				6F56834216A4E899004D7B09 /* CCInstanceMessageInstrumentation.mm */,
				6F56834316A4E899004D7B09 /* CCInstrumentingProfiler.h */,
				6F56834416A4E899004D7B09 /* CCInstrumentingProfiler.mm */,
				6F56834516A4E899004D7B09 /* CCNativeCountInstances.h */,
				6F56834616A4E899004D7B09 /* CCNativeCountInstances.mm */,
				6F56834716A4E899004D7B09 /* CCReflection.h */,
				6F56834816A4E899004D7B09 /* CCReflection.m */,
				6FF0F5AE16A548C4001C01E2 /* hookshot.h */,
			);
			name = Classes;
			path = ../Classes;
			sourceTree = "<group>";
		};
		6F56832A16A4E7DB004D7B09 /* Tests */ = {
			isa = PBXGroup;
			children = (
				6F56834E16A4E9EC004D7B09 /* CCCountInstancesTest.h */,
				6F56834F16A4E9EC004D7B09 /* CCCountInstancesTest.m */,
				6F56835016A4E9EC004D7B09 /* CCInstanceMessageInstrumentationTest.h */,
				6F56835116A4E9EC004D7B09 /* CCInstanceMessageInstrumentationTest.m */,
				6F56832B16A4E7DB004D7B09 /* Supporting Files */,
			);
			path = Tests;
			sourceTree = "<group>";
		};
		6F56832B16A4E7DB004D7B09 /* Supporting Files */ = {
			isa = PBXGroup;
			children = (
				6F56832C16A4E7DB004D7B09 /* hookshotTests-Info.plist */,
			);
			name = "Supporting Files";
			sourceTree = "<group>";
		};
/* End PBXGroup section */

/* Begin PBXHeadersBuildPhase section */
		6F56835416A4EB9A004D7B09 /* Headers */ = {
			isa = PBXHeadersBuildPhase;
			buildActionMask = 2147483647;
			files = (
				6F56835516A4EBAF004D7B09 /* CCCountInstances.h in Headers */,
				6F56835616A4EBAF004D7B09 /* CCInstanceMessageInstrumentation.h in Headers */,
				6F56835716A4EBAF004D7B09 /* CCInstrumentingProfiler.h in Headers */,
				6F56835816A4EBAF004D7B09 /* CCNativeCountInstances.h in Headers */,
				6F56835916A4EBAF004D7B09 /* CCReflection.h in Headers */,
			);
			runOnlyForDeploymentPostprocessing = 0;
		};
/* End PBXHeadersBuildPhase section */

/* Begin PBXNativeTarget section */
		6F56830F16A4E7DB004D7B09 /* hookshot */ = {
			isa = PBXNativeTarget;
			buildConfigurationList = 6F56833516A4E7DB004D7B09 /* Build configuration list for PBXNativeTarget "hookshot" */;
			buildPhases = (
				6F56830C16A4E7DB004D7B09 /* Sources */,
				6F56830D16A4E7DB004D7B09 /* Frameworks */,
				6F56830E16A4E7DB004D7B09 /* CopyFiles */,
				6F56835416A4EB9A004D7B09 /* Headers */,
			);
			buildRules = (
			);
			dependencies = (
			);
			name = hookshot;
			productName = hookshot;
			productReference = 6F56831016A4E7DB004D7B09 /* libhookshot.a */;
			productType = "com.apple.product-type.library.static";
		};
		6F56832016A4E7DB004D7B09 /* hookshotTests */ = {
			isa = PBXNativeTarget;
			buildConfigurationList = 6F56833816A4E7DB004D7B09 /* Build configuration list for PBXNativeTarget "hookshotTests" */;
			buildPhases = (
				6F56831C16A4E7DB004D7B09 /* Sources */,
				6F56831D16A4E7DB004D7B09 /* Frameworks */,
				6F56831E16A4E7DB004D7B09 /* Resources */,
				6F56831F16A4E7DB004D7B09 /* ShellScript */,
			);
			buildRules = (
			);
			dependencies = (
				6F56832816A4E7DB004D7B09 /* PBXTargetDependency */,
			);
			name = hookshotTests;
			productName = hookshotTests;
			productReference = 6F56832116A4E7DB004D7B09 /* hookshotTests.octest */;
			productType = "com.apple.product-type.bundle";
		};
/* End PBXNativeTarget section */

/* Begin PBXProject section */
		6F56830716A4E7DB004D7B09 /* Project object */ = {
			isa = PBXProject;
			attributes = {
				LastUpgradeCheck = 0450;
				ORGANIZATIONNAME = Cue;
			};
			buildConfigurationList = 6F56830A16A4E7DB004D7B09 /* Build configuration list for PBXProject "hookshot" */;
			compatibilityVersion = "Xcode 3.2";
			developmentRegion = English;
			hasScannedForEncodings = 0;
			knownRegions = (
				en,
			);
			mainGroup = 6F56830516A4E7DB004D7B09;
			productRefGroup = 6F56831116A4E7DB004D7B09 /* Products */;
			projectDirPath = "";
			projectRoot = "";
			targets = (
				6F56830F16A4E7DB004D7B09 /* hookshot */,
				6F56832016A4E7DB004D7B09 /* hookshotTests */,
			);
		};
/* End PBXProject section */

/* Begin PBXResourcesBuildPhase section */
		6F56831E16A4E7DB004D7B09 /* Resources */ = {
			isa = PBXResourcesBuildPhase;
			buildActionMask = 2147483647;
			files = (
			);
			runOnlyForDeploymentPostprocessing = 0;
		};
/* End PBXResourcesBuildPhase section */

/* Begin PBXShellScriptBuildPhase section */
		6F56831F16A4E7DB004D7B09 /* ShellScript */ = {
			isa = PBXShellScriptBuildPhase;
			buildActionMask = 2147483647;
			files = (
			);
			inputPaths = (
			);
			outputPaths = (
			);
			runOnlyForDeploymentPostprocessing = 0;
			shellPath = /bin/sh;
			shellScript = "# Run the unit tests in this test bundle.\n\"${SYSTEM_DEVELOPER_DIR}/Tools/RunUnitTests\"\n";
		};
/* End PBXShellScriptBuildPhase section */

/* Begin PBXSourcesBuildPhase section */
		6F56830C16A4E7DB004D7B09 /* Sources */ = {
			isa = PBXSourcesBuildPhase;
			buildActionMask = 2147483647;
			files = (
				6F56834916A4E899004D7B09 /* CCCountInstances.m in Sources */,
				6F56834A16A4E899004D7B09 /* CCInstanceMessageInstrumentation.mm in Sources */,
				6F56834B16A4E899004D7B09 /* CCInstrumentingProfiler.mm in Sources */,
				6F56834C16A4E899004D7B09 /* CCNativeCountInstances.mm in Sources */,
				6F56834D16A4E899004D7B09 /* CCReflection.m in Sources */,
			);
			runOnlyForDeploymentPostprocessing = 0;
		};
		6F56831C16A4E7DB004D7B09 /* Sources */ = {
			isa = PBXSourcesBuildPhase;
			buildActionMask = 2147483647;
			files = (
				6F56835216A4E9EC004D7B09 /* CCCountInstancesTest.m in Sources */,
				6F56835316A4E9EC004D7B09 /* CCInstanceMessageInstrumentationTest.m in Sources */,
			);
			runOnlyForDeploymentPostprocessing = 0;
		};
/* End PBXSourcesBuildPhase section */

/* Begin PBXTargetDependency section */
		6F56832816A4E7DB004D7B09 /* PBXTargetDependency */ = {
			isa = PBXTargetDependency;
			target = 6F56830F16A4E7DB004D7B09 /* hookshot */;
			targetProxy = 6F56832716A4E7DB004D7B09 /* PBXContainerItemProxy */;
		};
/* End PBXTargetDependency section */

/* Begin XCBuildConfiguration section */
		6F56833316A4E7DB004D7B09 /* Debug */ = {
			isa = XCBuildConfiguration;
			buildSettings = {
				ALWAYS_SEARCH_USER_PATHS = NO;
				CLANG_CXX_LANGUAGE_STANDARD = "gnu++0x";
				CLANG_CXX_LIBRARY = "libc++";
				CLANG_WARN_EMPTY_BODY = YES;
				CLANG_WARN__DUPLICATE_METHOD_MATCH = YES;
				COPY_PHASE_STRIP = NO;
				GCC_C_LANGUAGE_STANDARD = gnu99;
				GCC_DYNAMIC_NO_PIC = NO;
				GCC_OPTIMIZATION_LEVEL = 0;
				GCC_PREPROCESSOR_DEFINITIONS = (
					"DEBUG=1",
					"$(inherited)",
				);
				GCC_SYMBOLS_PRIVATE_EXTERN = NO;
				GCC_WARN_ABOUT_RETURN_TYPE = YES;
				GCC_WARN_UNINITIALIZED_AUTOS = YES;
				GCC_WARN_UNUSED_VARIABLE = YES;
				IPHONEOS_DEPLOYMENT_TARGET = 6.0;
				SDKROOT = iphoneos;
			};
			name = Debug;
		};
		6F56833416A4E7DB004D7B09 /* Release */ = {
			isa = XCBuildConfiguration;
			buildSettings = {
				ALWAYS_SEARCH_USER_PATHS = NO;
				CLANG_CXX_LANGUAGE_STANDARD = "gnu++0x";
				CLANG_CXX_LIBRARY = "libc++";
				CLANG_WARN_EMPTY_BODY = YES;
				CLANG_WARN__DUPLICATE_METHOD_MATCH = YES;
				COPY_PHASE_STRIP = YES;
				GCC_C_LANGUAGE_STANDARD = gnu99;
				GCC_WARN_ABOUT_RETURN_TYPE = YES;
				GCC_WARN_UNINITIALIZED_AUTOS = YES;
				GCC_WARN_UNUSED_VARIABLE = YES;
				IPHONEOS_DEPLOYMENT_TARGET = 6.0;
				SDKROOT = iphoneos;
				VALIDATE_PRODUCT = YES;
			};
			name = Release;
		};
		6F56833616A4E7DB004D7B09 /* Debug */ = {
			isa = XCBuildConfiguration;
			buildSettings = {
				CLANG_CXX_LIBRARY = "libc++";
				DSTROOT = /tmp/hookshot.dst;
				GCC_PRECOMPILE_PREFIX_HEADER = YES;
				GCC_PREFIX_HEADER = "";
				GCC_PREPROCESSOR_DEFINITIONS = (
					"HOOKSHOT_ENABLED=1",
					"DEBUG=1",
				);
				OTHER_CPLUSPLUSFLAGS = (
					"$(OTHER_CFLAGS)",
					"-fobjc-call-cxx-cdtors",
				);
				OTHER_LDFLAGS = "-ObjC";
				PRODUCT_NAME = "$(TARGET_NAME)";
				SKIP_INSTALL = YES;
			};
			name = Debug;
		};
		6F56833716A4E7DB004D7B09 /* Release */ = {
			isa = XCBuildConfiguration;
			buildSettings = {
				CLANG_CXX_LIBRARY = "libc++";
				DSTROOT = /tmp/hookshot.dst;
				GCC_PRECOMPILE_PREFIX_HEADER = YES;
				GCC_PREFIX_HEADER = "";
				GCC_PREPROCESSOR_DEFINITIONS = "HOOKSHOT_ENABLED=1";
				OTHER_CPLUSPLUSFLAGS = (
					"$(OTHER_CFLAGS)",
					"-fobjc-call-cxx-cdtors",
				);
				OTHER_LDFLAGS = "-ObjC";
				PRODUCT_NAME = "$(TARGET_NAME)";
				SKIP_INSTALL = YES;
			};
			name = Release;
		};
		6F56833916A4E7DB004D7B09 /* Debug */ = {
			isa = XCBuildConfiguration;
			buildSettings = {
				CLANG_CXX_LIBRARY = "libc++";
				FRAMEWORK_SEARCH_PATHS = (
					"\"$(SDKROOT)/Developer/Library/Frameworks\"",
					"\"$(DEVELOPER_LIBRARY_DIR)/Frameworks\"",
				);
				GCC_PRECOMPILE_PREFIX_HEADER = YES;
				GCC_PREFIX_HEADER = "";
				GCC_PREPROCESSOR_DEFINITIONS = (
					"DEBUG=1",
					"$(inherited)",
					"HOOKSHOT_ENABLED=1",
				);
				INFOPLIST_FILE = "Tests/hookshotTests-Info.plist";
				OTHER_CPLUSPLUSFLAGS = (
					"$(OTHER_CFLAGS)",
					"-fobjc-call-cxx-cdtors",
				);
				PRODUCT_NAME = "$(TARGET_NAME)";
				WRAPPER_EXTENSION = octest;
			};
			name = Debug;
		};
		6F56833A16A4E7DB004D7B09 /* Release */ = {
			isa = XCBuildConfiguration;
			buildSettings = {
				CLANG_CXX_LIBRARY = "libc++";
				FRAMEWORK_SEARCH_PATHS = (
					"\"$(SDKROOT)/Developer/Library/Frameworks\"",
					"\"$(DEVELOPER_LIBRARY_DIR)/Frameworks\"",
				);
				GCC_PRECOMPILE_PREFIX_HEADER = YES;
				GCC_PREFIX_HEADER = "";
				GCC_PREPROCESSOR_DEFINITIONS = "HOOKSHOT_ENABLED=1";
				INFOPLIST_FILE = "Tests/hookshotTests-Info.plist";
				OTHER_CPLUSPLUSFLAGS = (
					"$(OTHER_CFLAGS)",
					"-fobjc-call-cxx-cdtors",
				);
				PRODUCT_NAME = "$(TARGET_NAME)";
				WRAPPER_EXTENSION = octest;
			};
			name = Release;
		};
/* End XCBuildConfiguration section */

/* Begin XCConfigurationList section */
		6F56830A16A4E7DB004D7B09 /* Build configuration list for PBXProject "hookshot" */ = {
			isa = XCConfigurationList;
			buildConfigurations = (
				6F56833316A4E7DB004D7B09 /* Debug */,
				6F56833416A4E7DB004D7B09 /* Release */,
			);
			defaultConfigurationIsVisible = 0;
			defaultConfigurationName = Release;
		};
		6F56833516A4E7DB004D7B09 /* Build configuration list for PBXNativeTarget "hookshot" */ = {
			isa = XCConfigurationList;
			buildConfigurations = (
				6F56833616A4E7DB004D7B09 /* Debug */,
				6F56833716A4E7DB004D7B09 /* Release */,
			);
			defaultConfigurationIsVisible = 0;
			defaultConfigurationName = Release;
		};
		6F56833816A4E7DB004D7B09 /* Build configuration list for PBXNativeTarget "hookshotTests" */ = {
			isa = XCConfigurationList;
			buildConfigurations = (
				6F56833916A4E7DB004D7B09 /* Debug */,
				6F56833A16A4E7DB004D7B09 /* Release */,
			);
			defaultConfigurationIsVisible = 0;
			defaultConfigurationName = Release;
		};
/* End XCConfigurationList section */
	};
	rootObject = 6F56830716A4E7DB004D7B09 /* Project object */;
}
